
Microsoft Visual Studio Solution File, Format Version 12.00
# Visual Studio 2012
Project("{FAE04EC0-301F-11D3-BF4B-00C04F79EFBC}") = "Entidades", "Entidades\Entidades.csproj", "{8BB026B8-5742-4398-BC0B-0E811B4D5568}"
EndProject
Project("{FAE04EC0-301F-11D3-BF4B-00C04F79EFBC}") = "MiCalculadora", "MiCalculadora\MiCalculadora.csproj", "{DE7CB8C3-D8C2-4813-9626-3F5F2C89D420}"
EndProject
Global
	GlobalSection(SolutionConfigurationPlatforms) = preSolution
		Debug|Any CPU = Debug|Any CPU
		Release|Any CPU = Release|Any CPU
	EndGlobalSection
	GlobalSection(ProjectConfigurationPlatforms) = postSolution
		{8BB026B8-5742-4398-BC0B-0E811B4D5568}.Debug|Any CPU.ActiveCfg = Debug|Any CPU
		{8BB026B8-5742-4398-BC0B-0E811B4D5568}.Debug|Any CPU.Build.0 = Debug|Any CPU
		{8BB026B8-5742-4398-BC0B-0E811B4D5568}.Release|Any CPU.ActiveCfg = Release|Any CPU
		{8BB026B8-5742-4398-BC0B-0E811B4D5568}.Release|Any CPU.Build.0 = Release|Any CPU
		{DE7CB8C3-D8C2-4813-9626-3F5F2C89D420}.Debug|Any CPU.ActiveCfg = Debug|Any CPU
		{DE7CB8C3-D8C2-4813-9626-3F5F2C89D420}.Debug|Any CPU.Build.0 = Debug|Any CPU
		{DE7CB8C3-D8C2-4813-9626-3F5F2C89D420}.Release|Any CPU.ActiveCfg = Release|Any CPU
		{DE7CB8C3-D8C2-4813-9626-3F5F2C89D420}.Release|Any CPU.Build.0 = Release|Any CPU
	EndGlobalSection
	GlobalSection(SolutionProperties) = preSolution
		HideSolutionNode = FALSE
	EndGlobalSection
EndGlobal
